
Microsoft Visual Studio Solution File, Format Version 12.00
# Visual Studio Version 16
VisualStudioVersion = 16.0.29519.181
MinimumVisualStudioVersion = 10.0.40219.1
Project("{FAE04EC0-301F-11D3-BF4B-00C04F79EFBC}") = "ClassLibrary_text", "ClassLibrary_text\ClassLibrary_text.csproj", "{D6B86522-64F4-4027-8FEC-2DF99CA3885C}"
EndProject
Global
	GlobalSection(SolutionConfigurationPlatforms) = preSolution
		Debug|Any CPU = Debug|Any CPU
		Release|Any CPU = Release|Any CPU
	EndGlobalSection
	GlobalSection(ProjectConfigurationPlatforms) = postSolution
		{D6B86522-64F4-4027-8FEC-2DF99CA3885C}.Debug|Any CPU.ActiveCfg = Debug|Any CPU
		{D6B86522-64F4-4027-8FEC-2DF99CA3885C}.Debug|Any CPU.Build.0 = Debug|Any CPU
		{D6B86522-64F4-4027-8FEC-2DF99CA3885C}.Release|Any CPU.ActiveCfg = Release|Any CPU
		{D6B86522-64F4-4027-8FEC-2DF99CA3885C}.Release|Any CPU.Build.0 = Release|Any CPU
	EndGlobalSection
	GlobalSection(SolutionProperties) = preSolution
		HideSolutionNode = FALSE
	EndGlobalSection
	GlobalSection(ExtensibilityGlobals) = postSolution
		SolutionGuid = {D1A946DB-EF85-4073-A64A-8D51194E3A14}
	EndGlobalSection
EndGlobal
